<?xml version="1.0" encoding="utf-8"?>
<Project ToolsVersion="4.0" xmlns="http://schemas.microsoft.com/developer/msbuild/2003">
  <ItemGroup>
    <Filter Include="Source Files">
      <UniqueIdentifier>{4FC737F1-C7A5-4376-A066-2A32D752A2FF}</UniqueIdentifier>
      <Extensions>cpp;c;cc;cxx;c++;cppm;ixx;def;odl;idl;hpj;bat;asm;asmx</Extensions>
    </Filter>
    <Filter Include="Header Files">
      <UniqueIdentifier>{93995380-89BD-4b04-88EB-625FBE52EBFB}</UniqueIdentifier>
      <Extensions>h;hh;hpp;hxx;h++;hm;inl;inc;ipp;xsd</Extensions>
    </Filter>
    <Filter Include="Auth">
      <UniqueIdentifier>{dc1ca649-0c67-439b-8136-1b4232983514}</UniqueIdentifier>
    </Filter>
  </ItemGroup>
  <ItemGroup>
    <ClInclude Include="framework.h">
      <Filter>Header Files</Filter>
    </ClInclude>
    <ClInclude Include="Auth\json.hpp">
      <Filter>Auth</Filter>
    </ClInclude>
    <ClInclude Include="Auth\KeyAuth.hpp">
      <Filter>Auth</Filter>
    </ClInclude>
    <ClInclude Include="Auth\skStr.h">
      <Filter>Auth</Filter>
    </ClInclude>
    <ClInclude Include="Auth\utils.hpp">
      <Filter>Auth</Filter>
    </ClInclude>
    <ClInclude Include="pch.h">
      <Filter>Header Files</Filter>
    </ClInclude>
  </ItemGroup>
  <ItemGroup>
    <ClCompile Include="dllmain.cpp">
      <Filter>Source Files</Filter>
    </ClCompile>
    <ClCompile Include="pch.cpp">
      <Filter>Source Files</Filter>
    </ClCompile>
  </ItemGroup>
  <ItemGroup>
    <Library Include="Auth\libcurl.lib">
      <Filter>Auth</Filter>
    </Library>
    <Library Include="Auth\library_x64.lib">
      <Filter>Auth</Filter>
    </Library>
  </ItemGroup>
</Project>